
Microsoft Visual Studio Solution File, Format Version 12.00
# Visual Studio Version 17
VisualStudioVersion = 17.8.34227.203
MinimumVisualStudioVersion = 10.0.40219.1
Project("{FAE04EC0-301F-11D3-BF4B-00C04F79EFBC}") = "LogTo", "LogTo.csproj", "{356A9EC9-4FD2-4072-88E5-BE01077A3DBE}"
EndProject
Global
	GlobalSection(SolutionConfigurationPlatforms) = preSolution
		Debug|Any CPU = Debug|Any CPU
		Release|Any CPU = Release|Any CPU
	EndGlobalSection
	GlobalSection(ProjectConfigurationPlatforms) = postSolution
		{356A9EC9-4FD2-4072-88E5-BE01077A3DBE}.Debug|Any CPU.ActiveCfg = Debug|Any CPU
		{356A9EC9-4FD2-4072-88E5-BE01077A3DBE}.Debug|Any CPU.Build.0 = Debug|Any CPU
		{356A9EC9-4FD2-4072-88E5-BE01077A3DBE}.Release|Any CPU.ActiveCfg = Release|Any CPU
		{356A9EC9-4FD2-4072-88E5-BE01077A3DBE}.Release|Any CPU.Build.0 = Release|Any CPU
	EndGlobalSection
	GlobalSection(SolutionProperties) = preSolution
		HideSolutionNode = FALSE
	EndGlobalSection
	GlobalSection(ExtensibilityGlobals) = postSolution
		SolutionGuid = {005617A9-EEEB-4819-A2CC-E2B1BB2B8973}
	EndGlobalSection
EndGlobal
